
Microsoft Visual Studio Solution File, Format Version 12.00
# Visual Studio 15
VisualStudioVersion = 15.0.28307.1169
MinimumVisualStudioVersion = 10.0.40219.1
Project("{FAE04EC0-301F-11D3-BF4B-00C04F79EFBC}") = "WCFServer", "WCF\WCFServer.csproj", "{9232B5E1-5469-4DD0-9251-616F38A0067D}"
EndProject
Project("{FAE04EC0-301F-11D3-BF4B-00C04F79EFBC}") = "WCFClient", "WCFClient\WCFClient.csproj", "{84C3CA6E-B61D-4558-87D3-FC7E7ADC9617}"
EndProject
Global
	GlobalSection(SolutionConfigurationPlatforms) = preSolution
		Debug|Any CPU = Debug|Any CPU
		Release|Any CPU = Release|Any CPU
	EndGlobalSection
	GlobalSection(ProjectConfigurationPlatforms) = postSolution
		{9232B5E1-5469-4DD0-9251-616F38A0067D}.Debug|Any CPU.ActiveCfg = Debug|Any CPU
		{9232B5E1-5469-4DD0-9251-616F38A0067D}.Debug|Any CPU.Build.0 = Debug|Any CPU
		{9232B5E1-5469-4DD0-9251-616F38A0067D}.Release|Any CPU.ActiveCfg = Release|Any CPU
		{9232B5E1-5469-4DD0-9251-616F38A0067D}.Release|Any CPU.Build.0 = Release|Any CPU
		{84C3CA6E-B61D-4558-87D3-FC7E7ADC9617}.Debug|Any CPU.ActiveCfg = Debug|Any CPU
		{84C3CA6E-B61D-4558-87D3-FC7E7ADC9617}.Debug|Any CPU.Build.0 = Debug|Any CPU
		{84C3CA6E-B61D-4558-87D3-FC7E7ADC9617}.Release|Any CPU.ActiveCfg = Release|Any CPU
		{84C3CA6E-B61D-4558-87D3-FC7E7ADC9617}.Release|Any CPU.Build.0 = Release|Any CPU
	EndGlobalSection
	GlobalSection(SolutionProperties) = preSolution
		HideSolutionNode = FALSE
	EndGlobalSection
	GlobalSection(ExtensibilityGlobals) = postSolution
		SolutionGuid = {A55F1678-E557-4763-A2D6-A33D0536B626}
	EndGlobalSection
EndGlobal
